Microsoft Visual Studio Solution File, Format Version 12.00
# Visual Studio Version 17
VisualStudioVersion = 17.13.35919.96
MinimumVisualStudioVersion = 10.0.40219.1
Project("{FAE04EC0-301F-11D3-BF4B-00C04F79EFBC}") = "ConnectionLibrary", "ConnectionLibrary\ConnectionLibrary.csproj", "{2D417163-2F01-438C-93C3-FE400B8245F0}"
EndProject
Project("{FAE04EC0-301F-11D3-BF4B-00C04F79EFBC}") = "Entities", "Entities\Entities.csproj", "{B101484B-F306-482E-BF4E-D8ADAF7D506A}"
EndProject
Project("{FAE04EC0-301F-11D3-BF4B-00C04F79EFBC}") = "Terra_Maui", "Terra_Maui\Terra_Maui.csproj", "{B576E151-FD2B-4DC3-80E5-95258112D234}"
EndProject
Project("{FAE04EC0-301F-11D3-BF4B-00C04F79EFBC}") = "ConnectionLibraryMaui", "ConnectionLibraryMaui\ConnectionLibraryMaui.csproj", "{FBFBB714-2873-45F6-ADB2-CF51B4CE9ED0}"
EndProject
Global
	GlobalSection(SolutionConfigurationPlatforms) = preSolution
		Debug|Any CPU = Debug|Any CPU
		Debug|ARM = Debug|ARM
		Debug|iPhone = Debug|iPhone
		Debug|iPhoneSimulator = Debug|iPhoneSimulator
		Debug|x64 = Debug|x64
		Debug|x86 = Debug|x86
		Release|Any CPU = Release|Any CPU
		Release|ARM = Release|ARM
		Release|iPhone = Release|iPhone
		Release|iPhoneSimulator = Release|iPhoneSimulator
		Release|x64 = Release|x64
		Release|x86 = Release|x86
	EndGlobalSection
	GlobalSection(ProjectConfigurationPlatforms) = postSolution
		{2D417163-2F01-438C-93C3-FE400B8245F0}.Debug|Any CPU.ActiveCfg = Debug|Any CPU
		{2D417163-2F01-438C-93C3-FE400B8245F0}.Debug|Any CPU.Build.0 = Debug|Any CPU
		{2D417163-2F01-438C-93C3-FE400B8245F0}.Debug|ARM.ActiveCfg = Debug|Any CPU
		{2D417163-2F01-438C-93C3-FE400B8245F0}.Debug|ARM.Build.0 = Debug|Any CPU
		{2D417163-2F01-438C-93C3-FE400B8245F0}.Debug|iPhone.ActiveCfg = Debug|Any CPU
		{2D417163-2F01-438C-93C3-FE400B8245F0}.Debug|iPhone.Build.0 = Debug|Any CPU
		{2D417163-2F01-438C-93C3-FE400B8245F0}.Debug|iPhoneSimulator.ActiveCfg = Debug|Any CPU
		{2D417163-2F01-438C-93C3-FE400B8245F0}.Debug|iPhoneSimulator.Build.0 = Debug|Any CPU
		{2D417163-2F01-438C-93C3-FE400B8245F0}.Debug|x64.ActiveCfg = Debug|Any CPU
		{2D417163-2F01-438C-93C3-FE400B8245F0}.Debug|x64.Build.0 = Debug|Any CPU
		{2D417163-2F01-438C-93C3-FE400B8245F0}.Debug|x86.ActiveCfg = Debug|Any CPU
		{2D417163-2F01-438C-93C3-FE400B8245F0}.Debug|x86.Build.0 = Debug|Any CPU
		{2D417163-2F01-438C-93C3-FE400B8245F0}.Release|Any CPU.ActiveCfg = Release|Any CPU
		{2D417163-2F01-438C-93C3-FE400B8245F0}.Release|Any CPU.Build.0 = Release|Any CPU
		{2D417163-2F01-438C-93C3-FE400B8245F0}.Release|ARM.ActiveCfg = Release|Any CPU
		{2D417163-2F01-438C-93C3-FE400B8245F0}.Release|ARM.Build.0 = Release|Any CPU
		{2D417163-2F01-438C-93C3-FE400B8245F0}.Release|iPhone.ActiveCfg = Release|Any CPU
		{2D417163-2F01-438C-93C3-FE400B8245F0}.Release|iPhone.Build.0 = Release|Any CPU
		{2D417163-2F01-438C-93C3-FE400B8245F0}.Release|iPhoneSimulator.ActiveCfg = Release|Any CPU
		{2D417163-2F01-438C-93C3-FE400B8245F0}.Release|iPhoneSimulator.Build.0 = Release|Any CPU
		{2D417163-2F01-438C-93C3-FE400B8245F0}.Release|x64.ActiveCfg = Release|Any CPU
		{2D417163-2F01-438C-93C3-FE400B8245F0}.Release|x64.Build.0 = Release|Any CPU
		{2D417163-2F01-438C-93C3-FE400B8245F0}.Release|x86.ActiveCfg = Release|Any CPU
		{2D417163-2F01-438C-93C3-FE400B8245F0}.Release|x86.Build.0 = Release|Any CPU
		{B101484B-F306-482E-BF4E-D8ADAF7D506A}.Debug|Any CPU.ActiveCfg = Debug|Any CPU
		{B101484B-F306-482E-BF4E-D8ADAF7D506A}.Debug|Any CPU.Build.0 = Debug|Any CPU
		{B101484B-F306-482E-BF4E-D8ADAF7D506A}.Debug|ARM.ActiveCfg = Debug|Any CPU
		{B101484B-F306-482E-BF4E-D8ADAF7D506A}.Debug|ARM.Build.0 = Debug|Any CPU
		{B101484B-F306-482E-BF4E-D8ADAF7D506A}.Debug|iPhone.ActiveCfg = Debug|Any CPU
		{B101484B-F306-482E-BF4E-D8ADAF7D506A}.Debug|iPhone.Build.0 = Debug|Any CPU
		{B101484B-F306-482E-BF4E-D8ADAF7D506A}.Debug|iPhoneSimulator.ActiveCfg = Debug|Any CPU
		{B101484B-F306-482E-BF4E-D8ADAF7D506A}.Debug|iPhoneSimulator.Build.0 = Debug|Any CPU
		{B101484B-F306-482E-BF4E-D8ADAF7D506A}.Debug|x64.ActiveCfg = Debug|Any CPU
		{B101484B-F306-482E-BF4E-D8ADAF7D506A}.Debug|x64.Build.0 = Debug|Any CPU
		{B101484B-F306-482E-BF4E-D8ADAF7D506A}.Debug|x86.ActiveCfg = Debug|Any CPU
		{B101484B-F306-482E-BF4E-D8ADAF7D506A}.Debug|x86.Build.0 = Debug|Any CPU
		{B101484B-F306-482E-BF4E-D8ADAF7D506A}.Release|Any CPU.ActiveCfg = Release|Any CPU
		{B101484B-F306-482E-BF4E-D8ADAF7D506A}.Release|Any CPU.Build.0 = Release|Any CPU
		{B101484B-F306-482E-BF4E-D8ADAF7D506A}.Release|ARM.ActiveCfg = Release|Any CPU
		{B101484B-F306-482E-BF4E-D8ADAF7D506A}.Release|ARM.Build.0 = Release|Any CPU
		{B101484B-F306-482E-BF4E-D8ADAF7D506A}.Release|iPhone.ActiveCfg = Release|Any CPU
		{B101484B-F306-482E-BF4E-D8ADAF7D506A}.Release|iPhone.Build.0 = Release|Any CPU
		{B101484B-F306-482E-BF4E-D8ADAF7D506A}.Release|iPhoneSimulator.ActiveCfg = Release|Any CPU
		{B101484B-F306-482E-BF4E-D8ADAF7D506A}.Release|iPhoneSimulator.Build.0 = Release|Any CPU
		{B101484B-F306-482E-BF4E-D8ADAF7D506A}.Release|x64.ActiveCfg = Release|Any CPU
		{B101484B-F306-482E-BF4E-D8ADAF7D506A}.Release|x64.Build.0 = Release|Any CPU
		{B101484B-F306-482E-BF4E-D8ADAF7D506A}.Release|x86.ActiveCfg = Release|Any CPU
		{B101484B-F306-482E-BF4E-D8ADAF7D506A}.Release|x86.Build.0 = Release|Any CPU
		{B576E151-FD2B-4DC3-80E5-95258112D234}.Debug|Any CPU.ActiveCfg = Debug|Any CPU
		{B576E151-FD2B-4DC3-80E5-95258112D234}.Debug|Any CPU.Build.0 = Debug|Any CPU
		{B576E151-FD2B-4DC3-80E5-95258112D234}.Debug|Any CPU.Deploy.0 = Debug|Any CPU
		{B576E151-FD2B-4DC3-80E5-95258112D234}.Debug|ARM.ActiveCfg = Debug|Any CPU
		{B576E151-FD2B-4DC3-80E5-95258112D234}.Debug|ARM.Build.0 = Debug|Any CPU
		{B576E151-FD2B-4DC3-80E5-95258112D234}.Debug|iPhone.ActiveCfg = Debug|Any CPU
		{B576E151-FD2B-4DC3-80E5-95258112D234}.Debug|iPhone.Build.0 = Debug|Any CPU
		{B576E151-FD2B-4DC3-80E5-95258112D234}.Debug|iPhoneSimulator.ActiveCfg = Debug|Any CPU
		{B576E151-FD2B-4DC3-80E5-95258112D234}.Debug|iPhoneSimulator.Build.0 = Debug|Any CPU
		{B576E151-FD2B-4DC3-80E5-95258112D234}.Debug|x64.ActiveCfg = Debug|Any CPU
		{B576E151-FD2B-4DC3-80E5-95258112D234}.Debug|x64.Build.0 = Debug|Any CPU
		{B576E151-FD2B-4DC3-80E5-95258112D234}.Debug|x86.ActiveCfg = Debug|Any CPU
		{B576E151-FD2B-4DC3-80E5-95258112D234}.Debug|x86.Build.0 = Debug|Any CPU
		{B576E151-FD2B-4DC3-80E5-95258112D234}.Release|Any CPU.ActiveCfg = Release|Any CPU
		{B576E151-FD2B-4DC3-80E5-95258112D234}.Release|Any CPU.Build.0 = Release|Any CPU
		{B576E151-FD2B-4DC3-80E5-95258112D234}.Release|ARM.ActiveCfg = Release|Any CPU
		{B576E151-FD2B-4DC3-80E5-95258112D234}.Release|ARM.Build.0 = Release|Any CPU
		{B576E151-FD2B-4DC3-80E5-95258112D234}.Release|iPhone.ActiveCfg = Release|Any CPU
		{B576E151-FD2B-4DC3-80E5-95258112D234}.Release|iPhone.Build.0 = Release|Any CPU
		{B576E151-FD2B-4DC3-80E5-95258112D234}.Release|iPhoneSimulator.ActiveCfg = Release|Any CPU
		{B576E151-FD2B-4DC3-80E5-95258112D234}.Release|iPhoneSimulator.Build.0 = Release|Any CPU
		{B576E151-FD2B-4DC3-80E5-95258112D234}.Release|x64.ActiveCfg = Release|Any CPU
		{B576E151-FD2B-4DC3-80E5-95258112D234}.Release|x64.Build.0 = Release|Any CPU
		{B576E151-FD2B-4DC3-80E5-95258112D234}.Release|x86.ActiveCfg = Release|Any CPU
		{B576E151-FD2B-4DC3-80E5-95258112D234}.Release|x86.Build.0 = Release|Any CPU
		{FBFBB714-2873-45F6-ADB2-CF51B4CE9ED0}.Debug|Any CPU.ActiveCfg = Debug|Any CPU
		{FBFBB714-2873-45F6-ADB2-CF51B4CE9ED0}.Debug|Any CPU.Build.0 = Debug|Any CPU
		{FBFBB714-2873-45F6-ADB2-CF51B4CE9ED0}.Debug|ARM.ActiveCfg = Debug|Any CPU
		{FBFBB714-2873-45F6-ADB2-CF51B4CE9ED0}.Debug|ARM.Build.0 = Debug|Any CPU
		{FBFBB714-2873-45F6-ADB2-CF51B4CE9ED0}.Debug|iPhone.ActiveCfg = Debug|Any CPU
		{FBFBB714-2873-45F6-ADB2-CF51B4CE9ED0}.Debug|iPhone.Build.0 = Debug|Any CPU
		{FBFBB714-2873-45F6-ADB2-CF51B4CE9ED0}.Debug|iPhoneSimulator.ActiveCfg = Debug|Any CPU
		{FBFBB714-2873-45F6-ADB2-CF51B4CE9ED0}.Debug|iPhoneSimulator.Build.0 = Debug|Any CPU
		{FBFBB714-2873-45F6-ADB2-CF51B4CE9ED0}.Debug|x64.ActiveCfg = Debug|Any CPU
		{FBFBB714-2873-45F6-ADB2-CF51B4CE9ED0}.Debug|x64.Build.0 = Debug|Any CPU
		{FBFBB714-2873-45F6-ADB2-CF51B4CE9ED0}.Debug|x86.ActiveCfg = Debug|Any CPU
		{FBFBB714-2873-45F6-ADB2-CF51B4CE9ED0}.Debug|x86.Build.0 = Debug|Any CPU
		{FBFBB714-2873-45F6-ADB2-CF51B4CE9ED0}.Release|Any CPU.ActiveCfg = Release|Any CPU
		{FBFBB714-2873-45F6-ADB2-CF51B4CE9ED0}.Release|Any CPU.Build.0 = Release|Any CPU
		{FBFBB714-2873-45F6-ADB2-CF51B4CE9ED0}.Release|ARM.ActiveCfg = Release|Any CPU
		{FBFBB714-2873-45F6-ADB2-CF51B4CE9ED0}.Release|ARM.Build.0 = Release|Any CPU
		{FBFBB714-2873-45F6-ADB2-CF51B4CE9ED0}.Release|iPhone.ActiveCfg = Release|Any CPU
		{FBFBB714-2873-45F6-ADB2-CF51B4CE9ED0}.Release|iPhone.Build.0 = Release|Any CPU
		{FBFBB714-2873-45F6-ADB2-CF51B4CE9ED0}.Release|iPhoneSimulator.ActiveCfg = Release|Any CPU
		{FBFBB714-2873-45F6-ADB2-CF51B4CE9ED0}.Release|iPhoneSimulator.Build.0 = Release|Any CPU
		{FBFBB714-2873-45F6-ADB2-CF51B4CE9ED0}.Release|x64.ActiveCfg = Release|Any CPU
		{FBFBB714-2873-45F6-ADB2-CF51B4CE9ED0}.Release|x64.Build.0 = Release|Any CPU
		{FBFBB714-2873-45F6-ADB2-CF51B4CE9ED0}.Release|x86.ActiveCfg = Release|Any CPU
		{FBFBB714-2873-45F6-ADB2-CF51B4CE9ED0}.Release|x86.Build.0 = Release|Any CPU
	EndGlobalSection
	GlobalSection(SolutionProperties) = preSolution
		HideSolutionNode = FALSE
	EndGlobalSection
	GlobalSection(ExtensibilityGlobals) = postSolution
		SolutionGuid = {0ED3BD66-8D09-4495-BF4B-C4778F1B9B76}
	EndGlobalSection
EndGlobal
